// !$*UTF8*$!
{
	archiveVersion = 1;
	classes = {
	};
	objectVersion = 77;
	objects = {

/* Begin PBXBuildFile section */
		34C582942ECF735A004E17FE /* Shared Types.swift in Sources */ = {isa = PBXBuildFile; fileRef = 34C582932ECF735A004E17FE /* Shared Types.swift */; };
		E40F0B4A2EAA8ABF00618BB9 /* .gitignore in Resources */ = {isa = PBXBuildFile; fileRef = E40F0B482EAA8AB800618BB9 /* .gitignore */; };
		E40F0B522EAA8FDA00618BB9 /* Exercise Data.swift in Sources */ = {isa = PBXBuildFile; fileRef = E40F0B4B2EAA8FDA00618BB9 /* Exercise Data.swift */; };
		E40F0B532EAA8FDA00618BB9 /* Split Data.swift in Sources */ = {isa = PBXBuildFile; fileRef = E40F0B4E2EAA8FDA00618BB9 /* Split Data.swift */; };
		E40F0B542EAA8FDA00618BB9 /* Session Data.swift in Sources */ = {isa = PBXBuildFile; fileRef = E40F0B4D2EAA8FDA00618BB9 /* Session Data.swift */; };
		E40F0B562EAA8FDA00618BB9 /* Live Activity Object.swift in Sources */ = {isa = PBXBuildFile; fileRef = E40F0B4C2EAA8FDA00618BB9 /* Live Activity Object.swift */; };
		E40F0B572EAA8FDA00618BB9 /* Workout Data.swift in Sources */ = {isa = PBXBuildFile; fileRef = E40F0B4F2EAA8FDA00618BB9 /* Workout Data.swift */; };
		E40F0B5D2EAA914600618BB9 /* WidgetKit.framework in Frameworks */ = {isa = PBXBuildFile; fileRef = E40F09412EA7E68800618BB9 /* WidgetKit.framework */; };
		E40F0B5E2EAA914600618BB9 /* SwiftUI.framework in Frameworks */ = {isa = PBXBuildFile; fileRef = E40F09432EA7E68800618BB9 /* SwiftUI.framework */; };
		E40F0B6F2EAA914800618BB9 /* Live Activity TimerExtension.appex in Embed Foundation Extensions */ = {isa = PBXBuildFile; fileRef = E40F0B5C2EAA914600618BB9 /* Live Activity TimerExtension.appex */; settings = {ATTRIBUTES = (RemoveHeadersOnCopy, ); }; };
		E4207BB72E8C34C700061829 /* CropViewController in Frameworks */ = {isa = PBXBuildFile; productRef = E4207BB62E8C34C700061829 /* CropViewController */; };
		E432B7212ECCDFC700FCBEEA /* Transfer Models.swift in Sources */ = {isa = PBXBuildFile; fileRef = E432B7202ECCDFC700FCBEEA /* Transfer Models.swift */; };
		E432B7222ECCDFCC00FCBEEA /* Transfer Models.swift in Sources */ = {isa = PBXBuildFile; fileRef = E432B7202ECCDFC700FCBEEA /* Transfer Models.swift */; };
		E4BCAFBA2EA07766009133F6 /* Rep the Set Watch App.app in Embed Watch Content */ = {isa = PBXBuildFile; fileRef = E4BCAFB02EA07765009133F6 /* Rep the Set Watch App.app */; settings = {ATTRIBUTES = (RemoveHeadersOnCopy, ); }; };
/* End PBXBuildFile section */

/* Begin PBXContainerItemProxy section */
		E40F0B6D2EAA914800618BB9 /* PBXContainerItemProxy */ = {
			isa = PBXContainerItemProxy;
			containerPortal = E4F362A22E8C32B2000A0DEE /* Project object */;
			proxyType = 1;
			remoteGlobalIDString = E40F0B5B2EAA914600618BB9;
			remoteInfo = "Live Activity TimerExtension";
		};
		E4BCAFB82EA07766009133F6 /* PBXContainerItemProxy */ = {
			isa = PBXContainerItemProxy;
			containerPortal = E4F362A22E8C32B2000A0DEE /* Project object */;
			proxyType = 1;
			remoteGlobalIDString = E4BCAFAF2EA07765009133F6;
			remoteInfo = "Rep the Set Watch App";
		};
/* End PBXContainerItemProxy section */

/* Begin PBXCopyFilesBuildPhase section */
		E40F09752EA7E6B100618BB9 /* Embed Foundation Extensions */ = {
			isa = PBXCopyFilesBuildPhase;
			buildActionMask = 2147483647;
			dstPath = "";
			dstSubfolderSpec = 13;
			files = (
				E40F0B6F2EAA914800618BB9 /* Live Activity TimerExtension.appex in Embed Foundation Extensions */,
			);
			name = "Embed Foundation Extensions";
			runOnlyForDeploymentPostprocessing = 0;
		};
		E4BCAFBB2EA07766009133F6 /* Embed Watch Content */ = {
			isa = PBXCopyFilesBuildPhase;
			buildActionMask = 2147483647;
			dstPath = "$(CONTENTS_FOLDER_PATH)/Watch";
			dstSubfolderSpec = 16;
			files = (
				E4BCAFBA2EA07766009133F6 /* Rep the Set Watch App.app in Embed Watch Content */,
			);
			name = "Embed Watch Content";
			runOnlyForDeploymentPostprocessing = 0;
		};
/* End PBXCopyFilesBuildPhase section */

/* Begin PBXFileReference section */
		34C582932ECF735A004E17FE /* Shared Types.swift */ = {isa = PBXFileReference; lastKnownFileType = sourcecode.swift; path = "Shared Types.swift"; sourceTree = "<group>"; };
		E40F09412EA7E68800618BB9 /* WidgetKit.framework */ = {isa = PBXFileReference; lastKnownFileType = wrapper.framework; name = WidgetKit.framework; path = System/Library/Frameworks/WidgetKit.framework; sourceTree = SDKROOT; };
		E40F09432EA7E68800618BB9 /* SwiftUI.framework */ = {isa = PBXFileReference; lastKnownFileType = wrapper.framework; name = SwiftUI.framework; path = System/Library/Frameworks/SwiftUI.framework; sourceTree = SDKROOT; };
		E40F0B482EAA8AB800618BB9 /* .gitignore */ = {isa = PBXFileReference; lastKnownFileType = text; path = .gitignore; sourceTree = "<group>"; };
		E40F0B4B2EAA8FDA00618BB9 /* Exercise Data.swift */ = {isa = PBXFileReference; lastKnownFileType = sourcecode.swift; path = "Exercise Data.swift"; sourceTree = "<group>"; };
		E40F0B4C2EAA8FDA00618BB9 /* Live Activity Object.swift */ = {isa = PBXFileReference; lastKnownFileType = sourcecode.swift; path = "Live Activity Object.swift"; sourceTree = "<group>"; };
		E40F0B4D2EAA8FDA00618BB9 /* Session Data.swift */ = {isa = PBXFileReference; lastKnownFileType = sourcecode.swift; path = "Session Data.swift"; sourceTree = "<group>"; };
		E40F0B4E2EAA8FDA00618BB9 /* Split Data.swift */ = {isa = PBXFileReference; lastKnownFileType = sourcecode.swift; path = "Split Data.swift"; sourceTree = "<group>"; };
		E40F0B4F2EAA8FDA00618BB9 /* Workout Data.swift */ = {isa = PBXFileReference; lastKnownFileType = sourcecode.swift; path = "Workout Data.swift"; sourceTree = "<group>"; };
		E40F0B5C2EAA914600618BB9 /* Live Activity TimerExtension.appex */ = {isa = PBXFileReference; explicitFileType = "wrapper.app-extension"; includeInIndex = 0; path = "Live Activity TimerExtension.appex"; sourceTree = BUILT_PRODUCTS_DIR; };
		E432B7202ECCDFC700FCBEEA /* Transfer Models.swift */ = {isa = PBXFileReference; lastKnownFileType = sourcecode.swift; path = "Transfer Models.swift"; sourceTree = "<group>"; };
		E432B7232ECCE0A000FCBEEA /* Live Activity TimerExtension.entitlements */ = {isa = PBXFileReference; lastKnownFileType = text.plist.entitlements; path = "Live Activity TimerExtension.entitlements"; sourceTree = "<group>"; };
		E4BCAFB02EA07765009133F6 /* Rep the Set Watch App.app */ = {isa = PBXFileReference; explicitFileType = wrapper.application; includeInIndex = 0; path = "Rep the Set Watch App.app"; sourceTree = BUILT_PRODUCTS_DIR; };
		E4F362AA2E8C32B2000A0DEE /* iOS Gym App.app */ = {isa = PBXFileReference; explicitFileType = wrapper.application; includeInIndex = 0; path = "iOS Gym App.app"; sourceTree = BUILT_PRODUCTS_DIR; };
/* End PBXFileReference section */

/* Begin PBXFileSystemSynchronizedBuildFileExceptionSet section */
		E40F0B842EAA991B00618BB9 /* Exceptions for "Live Activity Timer" folder in "Live Activity TimerExtension" target */ = {
			isa = PBXFileSystemSynchronizedBuildFileExceptionSet;
			membershipExceptions = (
				Info.plist,
			);
			target = E40F0B5B2EAA914600618BB9 /* Live Activity TimerExtension */;
		};
		E4BCAFBF2EA0793D009133F6 /* Exceptions for "iOS Gym App" folder in "iOS Gym App" target */ = {
			isa = PBXFileSystemSynchronizedBuildFileExceptionSet;
			membershipExceptions = (
				Info.plist,
			);
			target = E4F362A92E8C32B2000A0DEE /* iOS Gym App */;
		};
/* End PBXFileSystemSynchronizedBuildFileExceptionSet section */

/* Begin PBXFileSystemSynchronizedRootGroup section */
		E40F0B5F2EAA914600618BB9 /* Live Activity Timer */ = {
			isa = PBXFileSystemSynchronizedRootGroup;
			exceptions = (
				E40F0B842EAA991B00618BB9 /* Exceptions for "Live Activity Timer" folder in "Live Activity TimerExtension" target */,
			);
			path = "Live Activity Timer";
			sourceTree = "<group>";
		};
		E4BCAFB12EA07765009133F6 /* Rep the Set Watch App */ = {
			isa = PBXFileSystemSynchronizedRootGroup;
			path = "Rep the Set Watch App";
			sourceTree = "<group>";
		};
		E4F362AC2E8C32B2000A0DEE /* iOS Gym App */ = {
			isa = PBXFileSystemSynchronizedRootGroup;
			exceptions = (
				E4BCAFBF2EA0793D009133F6 /* Exceptions for "iOS Gym App" folder in "iOS Gym App" target */,
			);
			path = "iOS Gym App";
			sourceTree = "<group>";
		};
/* End PBXFileSystemSynchronizedRootGroup section */

/* Begin PBXFrameworksBuildPhase section */
		E40F0B592EAA914600618BB9 /* Frameworks */ = {
			isa = PBXFrameworksBuildPhase;
			buildActionMask = 2147483647;
			files = (
				E40F0B5E2EAA914600618BB9 /* SwiftUI.framework in Frameworks */,
				E40F0B5D2EAA914600618BB9 /* WidgetKit.framework in Frameworks */,
			);
			runOnlyForDeploymentPostprocessing = 0;
		};
		E4BCAFAD2EA07765009133F6 /* Frameworks */ = {
			isa = PBXFrameworksBuildPhase;
			buildActionMask = 2147483647;
			files = (
			);
			runOnlyForDeploymentPostprocessing = 0;
		};
		E4F362A72E8C32B2000A0DEE /* Frameworks */ = {
			isa = PBXFrameworksBuildPhase;
			buildActionMask = 2147483647;
			files = (
				E4207BB72E8C34C700061829 /* CropViewController in Frameworks */,
			);
			runOnlyForDeploymentPostprocessing = 0;
		};
/* End PBXFrameworksBuildPhase section */

/* Begin PBXGroup section */
		E40F09402EA7E68800618BB9 /* Frameworks */ = {
			isa = PBXGroup;
			children = (
				E40F09412EA7E68800618BB9 /* WidgetKit.framework */,
				E40F09432EA7E68800618BB9 /* SwiftUI.framework */,
			);
			name = Frameworks;
			sourceTree = "<group>";
		};
		E40F0B512EAA8FDA00618BB9 /* Shared */ = {
			isa = PBXGroup;
			children = (
				E432B7202ECCDFC700FCBEEA /* Transfer Models.swift */,
				E40F0B4B2EAA8FDA00618BB9 /* Exercise Data.swift */,
				E40F0B4C2EAA8FDA00618BB9 /* Live Activity Object.swift */,
				E40F0B4D2EAA8FDA00618BB9 /* Session Data.swift */,
				E40F0B4E2EAA8FDA00618BB9 /* Split Data.swift */,
				E40F0B4F2EAA8FDA00618BB9 /* Workout Data.swift */,
				34C582932ECF735A004E17FE /* Shared Types.swift */,
			);
			path = Shared;
			sourceTree = "<group>";
		};
		E4F362A12E8C32B2000A0DEE = {
			isa = PBXGroup;
			children = (
				E432B7232ECCE0A000FCBEEA /* Live Activity TimerExtension.entitlements */,
				E40F0B512EAA8FDA00618BB9 /* Shared */,
				E40F0B482EAA8AB800618BB9 /* .gitignore */,
				E4F362AC2E8C32B2000A0DEE /* iOS Gym App */,
				E4BCAFB12EA07765009133F6 /* Rep the Set Watch App */,
				E40F0B5F2EAA914600618BB9 /* Live Activity Timer */,
				E40F09402EA7E68800618BB9 /* Frameworks */,
				E4F362AB2E8C32B2000A0DEE /* Products */,
			);
			sourceTree = "<group>";
		};
		E4F362AB2E8C32B2000A0DEE /* Products */ = {
			isa = PBXGroup;
			children = (
				E4F362AA2E8C32B2000A0DEE /* iOS Gym App.app */,
				E4BCAFB02EA07765009133F6 /* Rep the Set Watch App.app */,
				E40F0B5C2EAA914600618BB9 /* Live Activity TimerExtension.appex */,
			);
			name = Products;
			sourceTree = "<group>";
		};
/* End PBXGroup section */

/* Begin PBXNativeTarget section */
		E40F0B5B2EAA914600618BB9 /* Live Activity TimerExtension */ = {
			isa = PBXNativeTarget;
			buildConfigurationList = E40F0B702EAA914800618BB9 /* Build configuration list for PBXNativeTarget "Live Activity TimerExtension" */;
			buildPhases = (
				E40F0B582EAA914600618BB9 /* Sources */,
				E40F0B592EAA914600618BB9 /* Frameworks */,
				E40F0B5A2EAA914600618BB9 /* Resources */,
			);
			buildRules = (
			);
			dependencies = (
			);
			fileSystemSynchronizedGroups = (
				E40F0B5F2EAA914600618BB9 /* Live Activity Timer */,
			);
			name = "Live Activity TimerExtension";
			packageProductDependencies = (
			);
			productName = "Live Activity TimerExtension";
			productReference = E40F0B5C2EAA914600618BB9 /* Live Activity TimerExtension.appex */;
			productType = "com.apple.product-type.app-extension";
		};
		E4BCAFAF2EA07765009133F6 /* Rep the Set Watch App */ = {
			isa = PBXNativeTarget;
			buildConfigurationList = E4BCAFBE2EA07766009133F6 /* Build configuration list for PBXNativeTarget "Rep the Set Watch App" */;
			buildPhases = (
				E4BCAFAC2EA07765009133F6 /* Sources */,
				E4BCAFAD2EA07765009133F6 /* Frameworks */,
				E4BCAFAE2EA07765009133F6 /* Resources */,
			);
			buildRules = (
			);
			dependencies = (
			);
			fileSystemSynchronizedGroups = (
				E4BCAFB12EA07765009133F6 /* Rep the Set Watch App */,
			);
			name = "Rep the Set Watch App";
			packageProductDependencies = (
			);
			productName = "Rep the Set Watch App";
			productReference = E4BCAFB02EA07765009133F6 /* Rep the Set Watch App.app */;
			productType = "com.apple.product-type.application";
		};
		E4F362A92E8C32B2000A0DEE /* iOS Gym App */ = {
			isa = PBXNativeTarget;
			buildConfigurationList = E4F362B52E8C32B3000A0DEE /* Build configuration list for PBXNativeTarget "iOS Gym App" */;
			buildPhases = (
				E4F362A62E8C32B2000A0DEE /* Sources */,
				E4F362A72E8C32B2000A0DEE /* Frameworks */,
				E4F362A82E8C32B2000A0DEE /* Resources */,
				E4BCAFBB2EA07766009133F6 /* Embed Watch Content */,
				E40F09752EA7E6B100618BB9 /* Embed Foundation Extensions */,
			);
			buildRules = (
			);
			dependencies = (
				E4BCAFB92EA07766009133F6 /* PBXTargetDependency */,
				E40F0B6E2EAA914800618BB9 /* PBXTargetDependency */,
			);
			fileSystemSynchronizedGroups = (
				E4F362AC2E8C32B2000A0DEE /* iOS Gym App */,
			);
			name = "iOS Gym App";
			packageProductDependencies = (
				E4207BB62E8C34C700061829 /* CropViewController */,
			);
			productName = "iOS Gym App";
			productReference = E4F362AA2E8C32B2000A0DEE /* iOS Gym App.app */;
			productType = "com.apple.product-type.application";
		};
/* End PBXNativeTarget section */

/* Begin PBXProject section */
		E4F362A22E8C32B2000A0DEE /* Project object */ = {
			isa = PBXProject;
			attributes = {
				BuildIndependentTargetsInParallel = 1;
				LastSwiftUpdateCheck = 2600;
				LastUpgradeCheck = 2610;
				TargetAttributes = {
					E40F0B5B2EAA914600618BB9 = {
						CreatedOnToolsVersion = 26.0.1;
					};
					E4BCAFAF2EA07765009133F6 = {
						CreatedOnToolsVersion = 26.0.1;
					};
					E4F362A92E8C32B2000A0DEE = {
						CreatedOnToolsVersion = 26.0.1;
					};
				};
			};
			buildConfigurationList = E4F362A52E8C32B2000A0DEE /* Build configuration list for PBXProject "iOS Gym App" */;
			developmentRegion = en;
			hasScannedForEncodings = 0;
			knownRegions = (
				en,
				Base,
			);
			mainGroup = E4F362A12E8C32B2000A0DEE;
			minimizedProjectReferenceProxies = 1;
			packageReferences = (
				E4207BB52E8C34C700061829 /* XCRemoteSwiftPackageReference "TOCropViewController" */,
				E4207BBA2E8C372B00061829 /* XCRemoteSwiftPackageReference "aws-sdk-swift" */,
			);
			preferredProjectObjectVersion = 77;
			productRefGroup = E4F362AB2E8C32B2000A0DEE /* Products */;
			projectDirPath = "";
			projectRoot = "";
			targets = (
				E4F362A92E8C32B2000A0DEE /* iOS Gym App */,
				E4BCAFAF2EA07765009133F6 /* Rep the Set Watch App */,
				E40F0B5B2EAA914600618BB9 /* Live Activity TimerExtension */,
			);
		};
/* End PBXProject section */

/* Begin PBXResourcesBuildPhase section */
		E40F0B5A2EAA914600618BB9 /* Resources */ = {
			isa = PBXResourcesBuildPhase;
			buildActionMask = 2147483647;
			files = (
			);
			runOnlyForDeploymentPostprocessing = 0;
		};
		E4BCAFAE2EA07765009133F6 /* Resources */ = {
			isa = PBXResourcesBuildPhase;
			buildActionMask = 2147483647;
			files = (
			);
			runOnlyForDeploymentPostprocessing = 0;
		};
		E4F362A82E8C32B2000A0DEE /* Resources */ = {
			isa = PBXResourcesBuildPhase;
			buildActionMask = 2147483647;
			files = (
				E40F0B4A2EAA8ABF00618BB9 /* .gitignore in Resources */,
			);
			runOnlyForDeploymentPostprocessing = 0;
		};
/* End PBXResourcesBuildPhase section */

/* Begin PBXSourcesBuildPhase section */
		E40F0B582EAA914600618BB9 /* Sources */ = {
			isa = PBXSourcesBuildPhase;
			buildActionMask = 2147483647;
			files = (
			);
			runOnlyForDeploymentPostprocessing = 0;
		};
		E4BCAFAC2EA07765009133F6 /* Sources */ = {
			isa = PBXSourcesBuildPhase;
			buildActionMask = 2147483647;
			files = (
				E432B7222ECCDFCC00FCBEEA /* Transfer Models.swift in Sources */,
			);
			runOnlyForDeploymentPostprocessing = 0;
		};
		E4F362A62E8C32B2000A0DEE /* Sources */ = {
			isa = PBXSourcesBuildPhase;
			buildActionMask = 2147483647;
			files = (
				E40F0B522EAA8FDA00618BB9 /* Exercise Data.swift in Sources */,
				34C582942ECF735A004E17FE /* Shared Types.swift in Sources */,
				E40F0B532EAA8FDA00618BB9 /* Split Data.swift in Sources */,
				E432B7212ECCDFC700FCBEEA /* Transfer Models.swift in Sources */,
				E40F0B542EAA8FDA00618BB9 /* Session Data.swift in Sources */,
				E40F0B562EAA8FDA00618BB9 /* Live Activity Object.swift in Sources */,
				E40F0B572EAA8FDA00618BB9 /* Workout Data.swift in Sources */,
			);
			runOnlyForDeploymentPostprocessing = 0;
		};
/* End PBXSourcesBuildPhase section */

/* Begin PBXTargetDependency section */
		E40F0B6E2EAA914800618BB9 /* PBXTargetDependency */ = {
			isa = PBXTargetDependency;
			target = E40F0B5B2EAA914600618BB9 /* Live Activity TimerExtension */;
			targetProxy = E40F0B6D2EAA914800618BB9 /* PBXContainerItemProxy */;
		};
		E4BCAFB92EA07766009133F6 /* PBXTargetDependency */ = {
			isa = PBXTargetDependency;
			target = E4BCAFAF2EA07765009133F6 /* Rep the Set Watch App */;
			targetProxy = E4BCAFB82EA07766009133F6 /* PBXContainerItemProxy */;
		};
/* End PBXTargetDependency section */

/* Begin XCBuildConfiguration section */
		E40F0B712EAA914800618BB9 /* Debug */ = {
			isa = XCBuildConfiguration;
			buildSettings = {
				ASSETCATALOG_COMPILER_GLOBAL_ACCENT_COLOR_NAME = AccentColor;
				ASSETCATALOG_COMPILER_WIDGET_BACKGROUND_COLOR_NAME = WidgetBackground;
				CODE_SIGN_ENTITLEMENTS = "Live Activity TimerExtension.entitlements";
				CODE_SIGN_STYLE = Automatic;
				CURRENT_PROJECT_VERSION = 1;
				GENERATE_INFOPLIST_FILE = NO;
				INFOPLIST_FILE = "Live Activity Timer/Info.plist";
				INFOPLIST_KEY_CFBundleDisplayName = "Live Activity Timer";
				INFOPLIST_KEY_NSHumanReadableCopyright = "";
				IPHONEOS_DEPLOYMENT_TARGET = 26.0;
				LD_RUNPATH_SEARCH_PATHS = (
					"$(inherited)",
					"@executable_path/Frameworks",
					"@executable_path/../../Frameworks",
				);
				MARKETING_VERSION = 1.0;
				PRODUCT_BUNDLE_IDENTIFIER = "com.seniordesign.iOSGymApp.Live-Activity-Timer";
				PRODUCT_NAME = "$(TARGET_NAME)";
				SDKROOT = iphoneos;
				SKIP_INSTALL = YES;
				STRING_CATALOG_GENERATE_SYMBOLS = YES;
				SUPPORTED_PLATFORMS = "iphoneos iphonesimulator";
				SUPPORTS_MACCATALYST = NO;
				SUPPORTS_MAC_DESIGNED_FOR_IPHONE_IPAD = NO;
				SUPPORTS_XR_DESIGNED_FOR_IPHONE_IPAD = NO;
				SWIFT_APPROACHABLE_CONCURRENCY = YES;
				SWIFT_EMIT_LOC_STRINGS = YES;
				SWIFT_UPCOMING_FEATURE_MEMBER_IMPORT_VISIBILITY = YES;
				SWIFT_VERSION = 5.0;
				TARGETED_DEVICE_FAMILY = 1;
			};
			name = Debug;
		};
		E40F0B722EAA914800618BB9 /* Release */ = {
			isa = XCBuildConfiguration;
			buildSettings = {
				ASSETCATALOG_COMPILER_GLOBAL_ACCENT_COLOR_NAME = AccentColor;
				ASSETCATALOG_COMPILER_WIDGET_BACKGROUND_COLOR_NAME = WidgetBackground;
				CODE_SIGN_ENTITLEMENTS = "Live Activity TimerExtension.entitlements";
				CODE_SIGN_STYLE = Automatic;
				CURRENT_PROJECT_VERSION = 1;
				GENERATE_INFOPLIST_FILE = NO;
				INFOPLIST_FILE = "Live Activity Timer/Info.plist";
				INFOPLIST_KEY_CFBundleDisplayName = "Live Activity Timer";
				INFOPLIST_KEY_NSHumanReadableCopyright = "";
				IPHONEOS_DEPLOYMENT_TARGET = 26.0;
				LD_RUNPATH_SEARCH_PATHS = (
					"$(inherited)",
					"@executable_path/Frameworks",
					"@executable_path/../../Frameworks",
				);
				MARKETING_VERSION = 1.0;
				PRODUCT_BUNDLE_IDENTIFIER = "com.seniordesign.iOSGymApp.Live-Activity-Timer";
				PRODUCT_NAME = "$(TARGET_NAME)";
				SDKROOT = iphoneos;
				SKIP_INSTALL = YES;
				STRING_CATALOG_GENERATE_SYMBOLS = YES;
				SUPPORTED_PLATFORMS = "iphoneos iphonesimulator";
				SUPPORTS_MACCATALYST = NO;
				SUPPORTS_MAC_DESIGNED_FOR_IPHONE_IPAD = NO;
				SUPPORTS_XR_DESIGNED_FOR_IPHONE_IPAD = NO;
				SWIFT_APPROACHABLE_CONCURRENCY = YES;
				SWIFT_EMIT_LOC_STRINGS = YES;
				SWIFT_UPCOMING_FEATURE_MEMBER_IMPORT_VISIBILITY = YES;
				SWIFT_VERSION = 5.0;
				TARGETED_DEVICE_FAMILY = 1;
				VALIDATE_PRODUCT = YES;
			};
			name = Release;
		};
		E4BCAFBC2EA07766009133F6 /* Debug */ = {
			isa = XCBuildConfiguration;
			buildSettings = {
				ASSETCATALOG_COMPILER_APPICON_NAME = AppIcon;
				ASSETCATALOG_COMPILER_GLOBAL_ACCENT_COLOR_NAME = AccentColor;
				CODE_SIGN_ENTITLEMENTS = "Rep the Set Watch App/Rep the Set Watch App.entitlements";
				CODE_SIGN_STYLE = Automatic;
				CURRENT_PROJECT_VERSION = 1;
				ENABLE_PREVIEWS = YES;
				GENERATE_INFOPLIST_FILE = YES;
				INFOPLIST_FILE = "Rep-the-Set-Watch-App-Info.plist";
				INFOPLIST_KEY_CFBundleDisplayName = "Rep the Set";
				INFOPLIST_KEY_NSHealthClinicalHealthRecordsShareUsageDescription = "Rep the Set needs clinical records to display";
				INFOPLIST_KEY_NSHealthShareUsageDescription = "Rep the Set needs to read your heart rate and workout data to provide real-time fitness tracking during your strength training sessions.";
				INFOPLIST_KEY_NSHealthUpdateUsageDescription = "Rep the Set needs to save your workouts, heart rate, and active energy data to the Health app so you can track your fitness progress over time.";
				INFOPLIST_KEY_UISupportedInterfaceOrientations = "UIInterfaceOrientationPortrait UIInterfaceOrientationPortraitUpsideDown";
				INFOPLIST_KEY_WKCompanionAppBundleIdentifier = com.seniordesign.iOSGymApp;
				INFOPLIST_KEY_WKRunsIndependentlyOfCompanionApp = NO;
				LD_RUNPATH_SEARCH_PATHS = (
					"$(inherited)",
					"@executable_path/Frameworks",
				);
				MARKETING_VERSION = 1.0;
				PRODUCT_BUNDLE_IDENTIFIER = com.seniordesign.iOSGymApp.watchkitapp;
				PRODUCT_NAME = "$(TARGET_NAME)";
				SDKROOT = watchos;
				SKIP_INSTALL = YES;
				STRING_CATALOG_GENERATE_SYMBOLS = YES;
				SWIFT_APPROACHABLE_CONCURRENCY = YES;
				SWIFT_DEFAULT_ACTOR_ISOLATION = MainActor;
				SWIFT_EMIT_LOC_STRINGS = YES;
				SWIFT_UPCOMING_FEATURE_MEMBER_IMPORT_VISIBILITY = YES;
				SWIFT_VERSION = 5.0;
				TARGETED_DEVICE_FAMILY = 4;
				WATCHOS_DEPLOYMENT_TARGET = 26.0;
			};
			name = Debug;
		};
		E4BCAFBD2EA07766009133F6 /* Release */ = {
			isa = XCBuildConfiguration;
			buildSettings = {
				ASSETCATALOG_COMPILER_APPICON_NAME = AppIcon;
				ASSETCATALOG_COMPILER_GLOBAL_ACCENT_COLOR_NAME = AccentColor;
				CODE_SIGN_ENTITLEMENTS = "Rep the Set Watch App/Rep the Set Watch App.entitlements";
				CODE_SIGN_STYLE = Automatic;
				CURRENT_PROJECT_VERSION = 1;
				ENABLE_PREVIEWS = YES;
				GENERATE_INFOPLIST_FILE = YES;
				INFOPLIST_FILE = "Rep-the-Set-Watch-App-Info.plist";
				INFOPLIST_KEY_CFBundleDisplayName = "Rep the Set";
				INFOPLIST_KEY_NSHealthClinicalHealthRecordsShareUsageDescription = "Rep the Set needs clinical records to display";
				INFOPLIST_KEY_NSHealthShareUsageDescription = "Rep the Set needs to read your heart rate and workout data to provide real-time fitness tracking during your strength training sessions.";
				INFOPLIST_KEY_NSHealthUpdateUsageDescription = "Rep the Set needs to save your workouts, heart rate, and active energy data to the Health app so you can track your fitness progress over time.";
				INFOPLIST_KEY_UISupportedInterfaceOrientations = "UIInterfaceOrientationPortrait UIInterfaceOrientationPortraitUpsideDown";
				INFOPLIST_KEY_WKCompanionAppBundleIdentifier = com.seniordesign.iOSGymApp;
				INFOPLIST_KEY_WKRunsIndependentlyOfCompanionApp = NO;
				LD_RUNPATH_SEARCH_PATHS = (
					"$(inherited)",
					"@executable_path/Frameworks",
				);
				MARKETING_VERSION = 1.0;
				PRODUCT_BUNDLE_IDENTIFIER = com.seniordesign.iOSGymApp.watchkitapp;
				PRODUCT_NAME = "$(TARGET_NAME)";
				SDKROOT = watchos;
				SKIP_INSTALL = YES;
				STRING_CATALOG_GENERATE_SYMBOLS = YES;
				SWIFT_APPROACHABLE_CONCURRENCY = YES;
				SWIFT_DEFAULT_ACTOR_ISOLATION = MainActor;
				SWIFT_EMIT_LOC_STRINGS = YES;
				SWIFT_UPCOMING_FEATURE_MEMBER_IMPORT_VISIBILITY = YES;
				SWIFT_VERSION = 5.0;
				TARGETED_DEVICE_FAMILY = 4;
				VALIDATE_PRODUCT = YES;
				WATCHOS_DEPLOYMENT_TARGET = 26.0;
			};
			name = Release;
		};
		E4F362B32E8C32B3000A0DEE /* Debug */ = {
			isa = XCBuildConfiguration;
			buildSettings = {
				ALWAYS_SEARCH_USER_PATHS = NO;
				ASSETCATALOG_COMPILER_GENERATE_SWIFT_ASSET_SYMBOL_EXTENSIONS = YES;
				CLANG_ANALYZER_NONNULL = YES;
				CLANG_ANALYZER_NUMBER_OBJECT_CONVERSION = YES_AGGRESSIVE;
				CLANG_CXX_LANGUAGE_STANDARD = "gnu++20";
				CLANG_ENABLE_MODULES = YES;
				CLANG_ENABLE_OBJC_ARC = YES;
				CLANG_ENABLE_OBJC_WEAK = YES;
				CLANG_WARN_BLOCK_CAPTURE_AUTORELEASING = YES;
				CLANG_WARN_BOOL_CONVERSION = YES;
				CLANG_WARN_COMMA = YES;
				CLANG_WARN_CONSTANT_CONVERSION = YES;
				CLANG_WARN_DEPRECATED_OBJC_IMPLEMENTATIONS = YES;
				CLANG_WARN_DIRECT_OBJC_ISA_USAGE = YES_ERROR;
				CLANG_WARN_DOCUMENTATION_COMMENTS = YES;
				CLANG_WARN_EMPTY_BODY = YES;
				CLANG_WARN_ENUM_CONVERSION = YES;
				CLANG_WARN_INFINITE_RECURSION = YES;
				CLANG_WARN_INT_CONVERSION = YES;
				CLANG_WARN_NON_LITERAL_NULL_CONVERSION = YES;
				CLANG_WARN_OBJC_IMPLICIT_RETAIN_SELF = YES;
				CLANG_WARN_OBJC_LITERAL_CONVERSION = YES;
				CLANG_WARN_OBJC_ROOT_CLASS = YES_ERROR;
				CLANG_WARN_QUOTED_INCLUDE_IN_FRAMEWORK_HEADER = YES;
				CLANG_WARN_RANGE_LOOP_ANALYSIS = YES;
				CLANG_WARN_STRICT_PROTOTYPES = YES;
				CLANG_WARN_SUSPICIOUS_MOVE = YES;
				CLANG_WARN_UNGUARDED_AVAILABILITY = YES_AGGRESSIVE;
				CLANG_WARN_UNREACHABLE_CODE = YES;
				CLANG_WARN__DUPLICATE_METHOD_MATCH = YES;
				COPY_PHASE_STRIP = NO;
				DEAD_CODE_STRIPPING = YES;
				DEBUG_INFORMATION_FORMAT = dwarf;
				DEVELOPMENT_TEAM = 6KR979J4SG;
				ENABLE_STRICT_OBJC_MSGSEND = YES;
				ENABLE_TESTABILITY = YES;
				ENABLE_USER_SCRIPT_SANDBOXING = YES;
				GCC_C_LANGUAGE_STANDARD = gnu17;
				GCC_DYNAMIC_NO_PIC = NO;
				GCC_NO_COMMON_BLOCKS = YES;
				GCC_OPTIMIZATION_LEVEL = 0;
				GCC_PREPROCESSOR_DEFINITIONS = (
					"DEBUG=1",
					"$(inherited)",
				);
				GCC_WARN_64_TO_32_BIT_CONVERSION = YES;
				GCC_WARN_ABOUT_RETURN_TYPE = YES_ERROR;
				GCC_WARN_UNDECLARED_SELECTOR = YES;
				GCC_WARN_UNINITIALIZED_AUTOS = YES_AGGRESSIVE;
				GCC_WARN_UNUSED_FUNCTION = YES;
				GCC_WARN_UNUSED_VARIABLE = YES;
				LOCALIZATION_PREFERS_STRING_CATALOGS = YES;
				MTL_ENABLE_DEBUG_INFO = INCLUDE_SOURCE;
				MTL_FAST_MATH = YES;
				ONLY_ACTIVE_ARCH = YES;
				STRING_CATALOG_GENERATE_SYMBOLS = YES;
				SWIFT_ACTIVE_COMPILATION_CONDITIONS = "DEBUG $(inherited)";
				SWIFT_OPTIMIZATION_LEVEL = "-Onone";
			};
			name = Debug;
		};
		E4F362B42E8C32B3000A0DEE /* Release */ = {
			isa = XCBuildConfiguration;
			buildSettings = {
				ALWAYS_SEARCH_USER_PATHS = NO;
				ASSETCATALOG_COMPILER_GENERATE_SWIFT_ASSET_SYMBOL_EXTENSIONS = YES;
				CLANG_ANALYZER_NONNULL = YES;
				CLANG_ANALYZER_NUMBER_OBJECT_CONVERSION = YES_AGGRESSIVE;
				CLANG_CXX_LANGUAGE_STANDARD = "gnu++20";
				CLANG_ENABLE_MODULES = YES;
				CLANG_ENABLE_OBJC_ARC = YES;
				CLANG_ENABLE_OBJC_WEAK = YES;
				CLANG_WARN_BLOCK_CAPTURE_AUTORELEASING = YES;
				CLANG_WARN_BOOL_CONVERSION = YES;
				CLANG_WARN_COMMA = YES;
				CLANG_WARN_CONSTANT_CONVERSION = YES;
				CLANG_WARN_DEPRECATED_OBJC_IMPLEMENTATIONS = YES;
				CLANG_WARN_DIRECT_OBJC_ISA_USAGE = YES_ERROR;
				CLANG_WARN_DOCUMENTATION_COMMENTS = YES;
				CLANG_WARN_EMPTY_BODY = YES;
				CLANG_WARN_ENUM_CONVERSION = YES;
				CLANG_WARN_INFINITE_RECURSION = YES;
				CLANG_WARN_INT_CONVERSION = YES;
				CLANG_WARN_NON_LITERAL_NULL_CONVERSION = YES;
				CLANG_WARN_OBJC_IMPLICIT_RETAIN_SELF = YES;
				CLANG_WARN_OBJC_LITERAL_CONVERSION = YES;
				CLANG_WARN_OBJC_ROOT_CLASS = YES_ERROR;
				CLANG_WARN_QUOTED_INCLUDE_IN_FRAMEWORK_HEADER = YES;
				CLANG_WARN_RANGE_LOOP_ANALYSIS = YES;
				CLANG_WARN_STRICT_PROTOTYPES = YES;
				CLANG_WARN_SUSPICIOUS_MOVE = YES;
				CLANG_WARN_UNGUARDED_AVAILABILITY = YES_AGGRESSIVE;
				CLANG_WARN_UNREACHABLE_CODE = YES;
				CLANG_WARN__DUPLICATE_METHOD_MATCH = YES;
				COPY_PHASE_STRIP = NO;
				DEAD_CODE_STRIPPING = YES;
				DEBUG_INFORMATION_FORMAT = "dwarf-with-dsym";
				DEVELOPMENT_TEAM = 6KR979J4SG;
				ENABLE_NS_ASSERTIONS = NO;
				ENABLE_STRICT_OBJC_MSGSEND = YES;
				ENABLE_USER_SCRIPT_SANDBOXING = YES;
				GCC_C_LANGUAGE_STANDARD = gnu17;
				GCC_NO_COMMON_BLOCKS = YES;
				GCC_WARN_64_TO_32_BIT_CONVERSION = YES;
				GCC_WARN_ABOUT_RETURN_TYPE = YES_ERROR;
				GCC_WARN_UNDECLARED_SELECTOR = YES;
				GCC_WARN_UNINITIALIZED_AUTOS = YES_AGGRESSIVE;
				GCC_WARN_UNUSED_FUNCTION = YES;
				GCC_WARN_UNUSED_VARIABLE = YES;
				LOCALIZATION_PREFERS_STRING_CATALOGS = YES;
				MTL_ENABLE_DEBUG_INFO = NO;
				MTL_FAST_MATH = YES;
				STRING_CATALOG_GENERATE_SYMBOLS = YES;
				SWIFT_COMPILATION_MODE = wholemodule;
			};
			name = Release;
		};
		E4F362B62E8C32B3000A0DEE /* Debug */ = {
			isa = XCBuildConfiguration;
			buildSettings = {
				ASSETCATALOG_COMPILER_APPICON_NAME = AppIcon;
				ASSETCATALOG_COMPILER_GLOBAL_ACCENT_COLOR_NAME = AccentColor;
				CODE_SIGN_ENTITLEMENTS = "iOS Gym App/iOS Gym App.entitlements";
				CODE_SIGN_STYLE = Automatic;
				CURRENT_PROJECT_VERSION = 2;
				DEAD_CODE_STRIPPING = YES;
				ENABLE_APP_SANDBOX = YES;
				ENABLE_PREVIEWS = YES;
				ENABLE_USER_SELECTED_FILES = readonly;
				GENERATE_INFOPLIST_FILE = YES;
				INFOPLIST_FILE = "iOS-Gym-App-Info.plist";
				INFOPLIST_KEY_CFBundleDisplayName = "Rep the Set";
				INFOPLIST_KEY_LSApplicationCategoryType = "public.app-category.healthcare-fitness";
				INFOPLIST_KEY_NSHealthShareUsageDescription = "We use this data to track weight and need to share it with the app";
				INFOPLIST_KEY_NSHealthUpdateUsageDescription = "We use this data to update weight and heart rate.";
				INFOPLIST_KEY_NSLocationWhenInUseUsageDescription = "Used to get current user location";
				INFOPLIST_KEY_NSSupportsLiveActivities = YES;
				"INFOPLIST_KEY_UIApplicationSceneManifest_Generation[sdk=iphoneos*]" = YES;
				"INFOPLIST_KEY_UIApplicationSceneManifest_Generation[sdk=iphonesimulator*]" = YES;
				"INFOPLIST_KEY_UIApplicationSupportsIndirectInputEvents[sdk=iphoneos*]" = YES;
				"INFOPLIST_KEY_UIApplicationSupportsIndirectInputEvents[sdk=iphonesimulator*]" = YES;
				"INFOPLIST_KEY_UILaunchScreen_Generation[sdk=iphoneos*]" = YES;
				"INFOPLIST_KEY_UILaunchScreen_Generation[sdk=iphonesimulator*]" = YES;
				"INFOPLIST_KEY_UIStatusBarStyle[sdk=iphoneos*]" = UIStatusBarStyleDefault;
				"INFOPLIST_KEY_UIStatusBarStyle[sdk=iphonesimulator*]" = UIStatusBarStyleDefault;
				INFOPLIST_KEY_UISupportedInterfaceOrientations = UIInterfaceOrientationPortrait;
				INFOPLIST_KEY_UISupportedInterfaceOrientations_iPad = "UIInterfaceOrientationLandscapeLeft UIInterfaceOrientationLandscapeRight UIInterfaceOrientationPortrait UIInterfaceOrientationPortraitUpsideDown";
				IPHONEOS_DEPLOYMENT_TARGET = 26.0;
				LD_RUNPATH_SEARCH_PATHS = "@executable_path/Frameworks";
				"LD_RUNPATH_SEARCH_PATHS[sdk=macosx*]" = "@executable_path/../Frameworks";
				MACOSX_DEPLOYMENT_TARGET = 26.0;
				MARKETING_VERSION = 0.1;
				NEW_SETTING = "";
				PRODUCT_BUNDLE_IDENTIFIER = com.seniordesign.iOSGymApp;
				PRODUCT_NAME = "$(TARGET_NAME)";
				REGISTER_APP_GROUPS = YES;
				SDKROOT = auto;
				STRING_CATALOG_GENERATE_SYMBOLS = YES;
				SUPPORTED_PLATFORMS = "iphoneos iphonesimulator";
				SUPPORTS_MACCATALYST = NO;
				SWIFT_APPROACHABLE_CONCURRENCY = YES;
				SWIFT_DEFAULT_ACTOR_ISOLATION = MainActor;
				SWIFT_EMIT_LOC_STRINGS = YES;
				SWIFT_UPCOMING_FEATURE_MEMBER_IMPORT_VISIBILITY = YES;
				SWIFT_VERSION = 5.0;
				TARGETED_DEVICE_FAMILY = 1;
				XROS_DEPLOYMENT_TARGET = 26.0;
			};
			name = Debug;
		};
		E4F362B72E8C32B3000A0DEE /* Release */ = {
			isa = XCBuildConfiguration;
			buildSettings = {
				ASSETCATALOG_COMPILER_APPICON_NAME = AppIcon;
				ASSETCATALOG_COMPILER_GLOBAL_ACCENT_COLOR_NAME = AccentColor;
				CODE_SIGN_ENTITLEMENTS = "iOS Gym App/iOS Gym App.entitlements";
				CODE_SIGN_STYLE = Automatic;
				CURRENT_PROJECT_VERSION = 2;
				DEAD_CODE_STRIPPING = YES;
				ENABLE_APP_SANDBOX = YES;
				ENABLE_PREVIEWS = YES;
				ENABLE_USER_SELECTED_FILES = readonly;
				GENERATE_INFOPLIST_FILE = YES;
				INFOPLIST_FILE = "iOS-Gym-App-Info.plist";
				INFOPLIST_KEY_CFBundleDisplayName = "Rep the Set";
				INFOPLIST_KEY_LSApplicationCategoryType = "public.app-category.healthcare-fitness";
				INFOPLIST_KEY_NSHealthShareUsageDescription = "We use this data to track weight and need to share it with the app";
				INFOPLIST_KEY_NSHealthUpdateUsageDescription = "We use this data to update weight and heart rate.";
				INFOPLIST_KEY_NSLocationWhenInUseUsageDescription = "Used to get current user location";
				INFOPLIST_KEY_NSSupportsLiveActivities = YES;
				"INFOPLIST_KEY_UIApplicationSceneManifest_Generation[sdk=iphoneos*]" = YES;
				"INFOPLIST_KEY_UIApplicationSceneManifest_Generation[sdk=iphonesimulator*]" = YES;
				"INFOPLIST_KEY_UIApplicationSupportsIndirectInputEvents[sdk=iphoneos*]" = YES;
				"INFOPLIST_KEY_UIApplicationSupportsIndirectInputEvents[sdk=iphonesimulator*]" = YES;
				"INFOPLIST_KEY_UILaunchScreen_Generation[sdk=iphoneos*]" = YES;
				"INFOPLIST_KEY_UILaunchScreen_Generation[sdk=iphonesimulator*]" = YES;
				"INFOPLIST_KEY_UIStatusBarStyle[sdk=iphoneos*]" = UIStatusBarStyleDefault;
				"INFOPLIST_KEY_UIStatusBarStyle[sdk=iphonesimulator*]" = UIStatusBarStyleDefault;
				INFOPLIST_KEY_UISupportedInterfaceOrientations = UIInterfaceOrientationPortrait;
				INFOPLIST_KEY_UISupportedInterfaceOrientations_iPad = "UIInterfaceOrientationLandscapeLeft UIInterfaceOrientationLandscapeRight UIInterfaceOrientationPortrait UIInterfaceOrientationPortraitUpsideDown";
				IPHONEOS_DEPLOYMENT_TARGET = 26.0;
				LD_RUNPATH_SEARCH_PATHS = "@executable_path/Frameworks";
				"LD_RUNPATH_SEARCH_PATHS[sdk=macosx*]" = "@executable_path/../Frameworks";
				MACOSX_DEPLOYMENT_TARGET = 26.0;
				MARKETING_VERSION = 0.1;
				NEW_SETTING = "";
				PRODUCT_BUNDLE_IDENTIFIER = com.seniordesign.iOSGymApp;
				PRODUCT_NAME = "$(TARGET_NAME)";
				REGISTER_APP_GROUPS = YES;
				SDKROOT = auto;
				STRING_CATALOG_GENERATE_SYMBOLS = YES;
				SUPPORTED_PLATFORMS = "iphoneos iphonesimulator";
				SUPPORTS_MACCATALYST = NO;
				SWIFT_APPROACHABLE_CONCURRENCY = YES;
				SWIFT_DEFAULT_ACTOR_ISOLATION = MainActor;
				SWIFT_EMIT_LOC_STRINGS = YES;
				SWIFT_UPCOMING_FEATURE_MEMBER_IMPORT_VISIBILITY = YES;
				SWIFT_VERSION = 5.0;
				TARGETED_DEVICE_FAMILY = 1;
				XROS_DEPLOYMENT_TARGET = 26.0;
			};
			name = Release;
		};
/* End XCBuildConfiguration section */

/* Begin XCConfigurationList section */
		E40F0B702EAA914800618BB9 /* Build configuration list for PBXNativeTarget "Live Activity TimerExtension" */ = {
			isa = XCConfigurationList;
			buildConfigurations = (
				E40F0B712EAA914800618BB9 /* Debug */,
				E40F0B722EAA914800618BB9 /* Release */,
			);
			defaultConfigurationIsVisible = 0;
			defaultConfigurationName = Release;
		};
		E4BCAFBE2EA07766009133F6 /* Build configuration list for PBXNativeTarget "Rep the Set Watch App" */ = {
			isa = XCConfigurationList;
			buildConfigurations = (
				E4BCAFBC2EA07766009133F6 /* Debug */,
				E4BCAFBD2EA07766009133F6 /* Release */,
			);
			defaultConfigurationIsVisible = 0;
			defaultConfigurationName = Release;
		};
		E4F362A52E8C32B2000A0DEE /* Build configuration list for PBXProject "iOS Gym App" */ = {
			isa = XCConfigurationList;
			buildConfigurations = (
				E4F362B32E8C32B3000A0DEE /* Debug */,
				E4F362B42E8C32B3000A0DEE /* Release */,
			);
			defaultConfigurationIsVisible = 0;
			defaultConfigurationName = Release;
		};
		E4F362B52E8C32B3000A0DEE /* Build configuration list for PBXNativeTarget "iOS Gym App" */ = {
			isa = XCConfigurationList;
			buildConfigurations = (
				E4F362B62E8C32B3000A0DEE /* Debug */,
				E4F362B72E8C32B3000A0DEE /* Release */,
			);
			defaultConfigurationIsVisible = 0;
			defaultConfigurationName = Release;
		};
/* End XCConfigurationList section */

/* Begin XCRemoteSwiftPackageReference section */
		E4207BB52E8C34C700061829 /* XCRemoteSwiftPackageReference "TOCropViewController" */ = {
			isa = XCRemoteSwiftPackageReference;
			repositoryURL = "https://github.com/TimOliver/TOCropViewController.git";
			requirement = {
				kind = upToNextMajorVersion;
				minimumVersion = 3.0.0;
			};
		};
		E4207BBA2E8C372B00061829 /* XCRemoteSwiftPackageReference "aws-sdk-swift" */ = {
			isa = XCRemoteSwiftPackageReference;
			repositoryURL = "https://github.com/awslabs/aws-sdk-swift.git";
			requirement = {
				kind = upToNextMajorVersion;
				minimumVersion = 1.5.52;
			};
		};
/* End XCRemoteSwiftPackageReference section */

/* Begin XCSwiftPackageProductDependency section */
		E4207BB62E8C34C700061829 /* CropViewController */ = {
			isa = XCSwiftPackageProductDependency;
			package = E4207BB52E8C34C700061829 /* XCRemoteSwiftPackageReference "TOCropViewController" */;
			productName = CropViewController;
		};
/* End XCSwiftPackageProductDependency section */
	};
	rootObject = E4F362A22E8C32B2000A0DEE /* Project object */;
}
