// !$*UTF8*$!
{
	archiveVersion = 1;
	classes = {
	};
	objectVersion = 77;
	objects = {

/* Begin PBXBuildFile section */
		34C3E5272EAACCBE00C6C3BD /* WidgetKit.framework in Frameworks */ = {isa = PBXBuildFile; fileRef = 34C3E5262EAACCBE00C6C3BD /* WidgetKit.framework */; };
		34C3E5292EAACCBE00C6C3BD /* SwiftUI.framework in Frameworks */ = {isa = PBXBuildFile; fileRef = 34C3E5282EAACCBE00C6C3BD /* SwiftUI.framework */; };
		34C3E53B2EAACCBF00C6C3BD /* Live Activity TimerExtension.appex in Embed Foundation Extensions */ = {isa = PBXBuildFile; fileRef = 34C3E5242EAACCBE00C6C3BD /* Live Activity TimerExtension.appex */; settings = {ATTRIBUTES = (RemoveHeadersOnCopy, ); }; };
		E4207BB72E8C34C700061829 /* CropViewController in Frameworks */ = {isa = PBXBuildFile; productRef = E4207BB62E8C34C700061829 /* CropViewController */; };
/* End PBXBuildFile section */

/* Begin PBXContainerItemProxy section */
		34C3E5382EAACCBF00C6C3BD /* PBXContainerItemProxy */ = {
			isa = PBXContainerItemProxy;
			containerPortal = E4F362A22E8C32B2000A0DEE /* Project object */;
			proxyType = 1;
			remoteGlobalIDString = 34C3E5232EAACCBE00C6C3BD;
			remoteInfo = "Live Activity TimerExtension";
		};
/* End PBXContainerItemProxy section */

/* Begin PBXCopyFilesBuildPhase section */
		34C3E53A2EAACCBF00C6C3BD /* Embed Foundation Extensions */ = {
			isa = PBXCopyFilesBuildPhase;
			buildActionMask = 2147483647;
			dstPath = "";
			dstSubfolderSpec = 13;
			files = (
				34C3E53B2EAACCBF00C6C3BD /* Live Activity TimerExtension.appex in Embed Foundation Extensions */,
			);
			name = "Embed Foundation Extensions";
			runOnlyForDeploymentPostprocessing = 0;
		};
/* End PBXCopyFilesBuildPhase section */

/* Begin PBXFileReference section */
		34C3E5242EAACCBE00C6C3BD /* Live Activity TimerExtension.appex */ = {isa = PBXFileReference; explicitFileType = "wrapper.app-extension"; includeInIndex = 0; path = "Live Activity TimerExtension.appex"; sourceTree = BUILT_PRODUCTS_DIR; };
		34C3E5262EAACCBE00C6C3BD /* WidgetKit.framework */ = {isa = PBXFileReference; lastKnownFileType = wrapper.framework; name = WidgetKit.framework; path = System/Library/Frameworks/WidgetKit.framework; sourceTree = SDKROOT; };
		34C3E5282EAACCBE00C6C3BD /* SwiftUI.framework */ = {isa = PBXFileReference; lastKnownFileType = wrapper.framework; name = SwiftUI.framework; path = System/Library/Frameworks/SwiftUI.framework; sourceTree = SDKROOT; };
		34C3E5442EAACD2800C6C3BD /* Watch App Watch App.app */ = {isa = PBXFileReference; explicitFileType = wrapper.application; includeInIndex = 0; path = "Watch App Watch App.app"; sourceTree = BUILT_PRODUCTS_DIR; };
		E4F362AA2E8C32B2000A0DEE /* iOS Gym App.app */ = {isa = PBXFileReference; explicitFileType = wrapper.application; includeInIndex = 0; path = "iOS Gym App.app"; sourceTree = BUILT_PRODUCTS_DIR; };
/* End PBXFileReference section */

/* Begin PBXFileSystemSynchronizedBuildFileExceptionSet section */
		34C3E5602EAACE6A00C6C3BD /* Exceptions for "Shared" folder in "Watch App Watch App" target */ = {
			isa = PBXFileSystemSynchronizedBuildFileExceptionSet;
			membershipExceptions = (
				"Live Activity Object.swift",
			);
			target = 34C3E5432EAACD2800C6C3BD /* Watch App Watch App */;
		};
		34C3E5622EAACE9500C6C3BD /* Exceptions for "iOS Gym App" folder in "Live Activity TimerExtension" target */ = {
			isa = PBXFileSystemSynchronizedBuildFileExceptionSet;
			membershipExceptions = (
				Misc/Static/Constants.swift,
				"Workout/Workout Types.swift",
			);
			target = 34C3E5232EAACCBE00C6C3BD /* Live Activity TimerExtension */;
		};
		34C3E5692EAACF2E00C6C3BD /* Exceptions for "Live Activity Timer" folder in "Live Activity TimerExtension" target */ = {
			isa = PBXFileSystemSynchronizedBuildFileExceptionSet;
			membershipExceptions = (
				Info.plist,
			);
			target = 34C3E5232EAACCBE00C6C3BD /* Live Activity TimerExtension */;
		};
		34C3E5762EAAD0F200C6C3BD /* Exceptions for "iOS Gym App" folder in "Watch App Watch App" target */ = {
			isa = PBXFileSystemSynchronizedBuildFileExceptionSet;
			membershipExceptions = (
				Misc/Static/Constants.swift,
			);
			target = 34C3E5432EAACD2800C6C3BD /* Watch App Watch App */;
		};
		34DE52B62EA084EE000FA509 /* Exceptions for "iOS Gym App" folder in "iOS Gym App" target */ = {
			isa = PBXFileSystemSynchronizedBuildFileExceptionSet;
			membershipExceptions = (
				Info.plist,
			);
			target = E4F362A92E8C32B2000A0DEE /* iOS Gym App */;
		};
/* End PBXFileSystemSynchronizedBuildFileExceptionSet section */

/* Begin PBXFileSystemSynchronizedRootGroup section */
		34C3E40E2EAACB8700C6C3BD /* Shared */ = {
			isa = PBXFileSystemSynchronizedRootGroup;
			exceptions = (
				34C3E5602EAACE6A00C6C3BD /* Exceptions for "Shared" folder in "Watch App Watch App" target */,
			);
			path = Shared;
			sourceTree = "<group>";
		};
		34C3E4162EAACBD900C6C3BD /* Live Activity Timer */ = {
			isa = PBXFileSystemSynchronizedRootGroup;
			exceptions = (
				34C3E5692EAACF2E00C6C3BD /* Exceptions for "Live Activity Timer" folder in "Live Activity TimerExtension" target */,
			);
			path = "Live Activity Timer";
			sourceTree = "<group>";
		};
		34C3E41A2EAACBD900C6C3BD /* Rep the Set Watch App */ = {
			isa = PBXFileSystemSynchronizedRootGroup;
			path = "Rep the Set Watch App";
			sourceTree = "<group>";
		};
		E4F362AC2E8C32B2000A0DEE /* iOS Gym App */ = {
			isa = PBXFileSystemSynchronizedRootGroup;
			exceptions = (
				34DE52B62EA084EE000FA509 /* Exceptions for "iOS Gym App" folder in "iOS Gym App" target */,
				34C3E5622EAACE9500C6C3BD /* Exceptions for "iOS Gym App" folder in "Live Activity TimerExtension" target */,
				34C3E5762EAAD0F200C6C3BD /* Exceptions for "iOS Gym App" folder in "Watch App Watch App" target */,
			);
			path = "iOS Gym App";
			sourceTree = "<group>";
		};
/* End PBXFileSystemSynchronizedRootGroup section */

/* Begin PBXFrameworksBuildPhase section */
		34C3E5212EAACCBE00C6C3BD /* Frameworks */ = {
			isa = PBXFrameworksBuildPhase;
			buildActionMask = 2147483647;
			files = (
				34C3E5292EAACCBE00C6C3BD /* SwiftUI.framework in Frameworks */,
				34C3E5272EAACCBE00C6C3BD /* WidgetKit.framework in Frameworks */,
			);
			runOnlyForDeploymentPostprocessing = 0;
		};
		34C3E5412EAACD2800C6C3BD /* Frameworks */ = {
			isa = PBXFrameworksBuildPhase;
			buildActionMask = 2147483647;
			files = (
			);
			runOnlyForDeploymentPostprocessing = 0;
		};
		E4F362A72E8C32B2000A0DEE /* Frameworks */ = {
			isa = PBXFrameworksBuildPhase;
			buildActionMask = 2147483647;
			files = (
				E4207BB72E8C34C700061829 /* CropViewController in Frameworks */,
			);
			runOnlyForDeploymentPostprocessing = 0;
		};
/* End PBXFrameworksBuildPhase section */

/* Begin PBXGroup section */
		34C3E5252EAACCBE00C6C3BD /* Frameworks */ = {
			isa = PBXGroup;
			children = (
				34C3E5262EAACCBE00C6C3BD /* WidgetKit.framework */,
				34C3E5282EAACCBE00C6C3BD /* SwiftUI.framework */,
			);
			name = Frameworks;
			sourceTree = "<group>";
		};
		E4F362A12E8C32B2000A0DEE = {
			isa = PBXGroup;
			children = (
				34C3E4162EAACBD900C6C3BD /* Live Activity Timer */,
				34C3E41A2EAACBD900C6C3BD /* Rep the Set Watch App */,
				E4F362AC2E8C32B2000A0DEE /* iOS Gym App */,
				34C3E5252EAACCBE00C6C3BD /* Frameworks */,
				E4F362AB2E8C32B2000A0DEE /* Products */,
				34C3E40E2EAACB8700C6C3BD /* Shared */,
			);
			sourceTree = "<group>";
		};
		E4F362AB2E8C32B2000A0DEE /* Products */ = {
			isa = PBXGroup;
			children = (
				E4F362AA2E8C32B2000A0DEE /* iOS Gym App.app */,
				34C3E5242EAACCBE00C6C3BD /* Live Activity TimerExtension.appex */,
				34C3E5442EAACD2800C6C3BD /* Watch App Watch App.app */,
			);
			name = Products;
			sourceTree = "<group>";
		};
/* End PBXGroup section */

/* Begin PBXNativeTarget section */
		34C3E5232EAACCBE00C6C3BD /* Live Activity TimerExtension */ = {
			isa = PBXNativeTarget;
			buildConfigurationList = 34C3E53C2EAACCBF00C6C3BD /* Build configuration list for PBXNativeTarget "Live Activity TimerExtension" */;
			buildPhases = (
				34C3E5202EAACCBE00C6C3BD /* Sources */,
				34C3E5212EAACCBE00C6C3BD /* Frameworks */,
				34C3E5222EAACCBE00C6C3BD /* Resources */,
			);
			buildRules = (
			);
			dependencies = (
			);
			fileSystemSynchronizedGroups = (
				34C3E40E2EAACB8700C6C3BD /* Shared */,
				34C3E4162EAACBD900C6C3BD /* Live Activity Timer */,
			);
			name = "Live Activity TimerExtension";
			packageProductDependencies = (
			);
			productName = "Live Activity TimerExtension";
			productReference = 34C3E5242EAACCBE00C6C3BD /* Live Activity TimerExtension.appex */;
			productType = "com.apple.product-type.app-extension";
		};
		34C3E5432EAACD2800C6C3BD /* Watch App Watch App */ = {
			isa = PBXNativeTarget;
			buildConfigurationList = 34C3E54C2EAACD2900C6C3BD /* Build configuration list for PBXNativeTarget "Watch App Watch App" */;
			buildPhases = (
				34C3E5402EAACD2800C6C3BD /* Sources */,
				34C3E5412EAACD2800C6C3BD /* Frameworks */,
				34C3E5422EAACD2800C6C3BD /* Resources */,
			);
			buildRules = (
			);
			dependencies = (
			);
			fileSystemSynchronizedGroups = (
				34C3E40E2EAACB8700C6C3BD /* Shared */,
				34C3E41A2EAACBD900C6C3BD /* Rep the Set Watch App */,
			);
			name = "Watch App Watch App";
			packageProductDependencies = (
			);
			productName = "Watch App Watch App";
			productReference = 34C3E5442EAACD2800C6C3BD /* Watch App Watch App.app */;
			productType = "com.apple.product-type.application";
		};
		E4F362A92E8C32B2000A0DEE /* iOS Gym App */ = {
			isa = PBXNativeTarget;
			buildConfigurationList = E4F362B52E8C32B3000A0DEE /* Build configuration list for PBXNativeTarget "iOS Gym App" */;
			buildPhases = (
				E4F362A62E8C32B2000A0DEE /* Sources */,
				E4F362A72E8C32B2000A0DEE /* Frameworks */,
				E4F362A82E8C32B2000A0DEE /* Resources */,
				34C3E53A2EAACCBF00C6C3BD /* Embed Foundation Extensions */,
			);
			buildRules = (
			);
			dependencies = (
				34C3E5392EAACCBF00C6C3BD /* PBXTargetDependency */,
			);
			fileSystemSynchronizedGroups = (
				34C3E40E2EAACB8700C6C3BD /* Shared */,
				E4F362AC2E8C32B2000A0DEE /* iOS Gym App */,
			);
			name = "iOS Gym App";
			packageProductDependencies = (
				E4207BB62E8C34C700061829 /* CropViewController */,
			);
			productName = "iOS Gym App";
			productReference = E4F362AA2E8C32B2000A0DEE /* iOS Gym App.app */;
			productType = "com.apple.product-type.application";
		};
/* End PBXNativeTarget section */

/* Begin PBXProject section */
		E4F362A22E8C32B2000A0DEE /* Project object */ = {
			isa = PBXProject;
			attributes = {
				BuildIndependentTargetsInParallel = 1;
				LastSwiftUpdateCheck = 2600;
				LastUpgradeCheck = 2600;
				TargetAttributes = {
					34C3E5232EAACCBE00C6C3BD = {
						CreatedOnToolsVersion = 26.0.1;
					};
					34C3E5432EAACD2800C6C3BD = {
						CreatedOnToolsVersion = 26.0.1;
					};
					E4F362A92E8C32B2000A0DEE = {
						CreatedOnToolsVersion = 26.0.1;
					};
				};
			};
			buildConfigurationList = E4F362A52E8C32B2000A0DEE /* Build configuration list for PBXProject "	" */;
			developmentRegion = en;
			hasScannedForEncodings = 0;
			knownRegions = (
				en,
				Base,
			);
			mainGroup = E4F362A12E8C32B2000A0DEE;
			minimizedProjectReferenceProxies = 1;
			packageReferences = (
				E4207BB52E8C34C700061829 /* XCRemoteSwiftPackageReference "TOCropViewController" */,
				E4207BBA2E8C372B00061829 /* XCRemoteSwiftPackageReference "aws-sdk-swift" */,
			);
			preferredProjectObjectVersion = 77;
			productRefGroup = E4F362AB2E8C32B2000A0DEE /* Products */;
			projectDirPath = "";
			projectRoot = "";
			targets = (
				E4F362A92E8C32B2000A0DEE /* iOS Gym App */,
				34C3E5232EAACCBE00C6C3BD /* Live Activity TimerExtension */,
				34C3E5432EAACD2800C6C3BD /* Watch App Watch App */,
			);
		};
/* End PBXProject section */

/* Begin PBXResourcesBuildPhase section */
		34C3E5222EAACCBE00C6C3BD /* Resources */ = {
			isa = PBXResourcesBuildPhase;
			buildActionMask = 2147483647;
			files = (
			);
			runOnlyForDeploymentPostprocessing = 0;
		};
		34C3E5422EAACD2800C6C3BD /* Resources */ = {
			isa = PBXResourcesBuildPhase;
			buildActionMask = 2147483647;
			files = (
			);
			runOnlyForDeploymentPostprocessing = 0;
		};
		E4F362A82E8C32B2000A0DEE /* Resources */ = {
			isa = PBXResourcesBuildPhase;
			buildActionMask = 2147483647;
			files = (
			);
			runOnlyForDeploymentPostprocessing = 0;
		};
/* End PBXResourcesBuildPhase section */

/* Begin PBXSourcesBuildPhase section */
		34C3E5202EAACCBE00C6C3BD /* Sources */ = {
			isa = PBXSourcesBuildPhase;
			buildActionMask = 2147483647;
			files = (
			);
			runOnlyForDeploymentPostprocessing = 0;
		};
		34C3E5402EAACD2800C6C3BD /* Sources */ = {
			isa = PBXSourcesBuildPhase;
			buildActionMask = 2147483647;
			files = (
			);
			runOnlyForDeploymentPostprocessing = 0;
		};
		E4F362A62E8C32B2000A0DEE /* Sources */ = {
			isa = PBXSourcesBuildPhase;
			buildActionMask = 2147483647;
			files = (
			);
			runOnlyForDeploymentPostprocessing = 0;
		};
/* End PBXSourcesBuildPhase section */

/* Begin PBXTargetDependency section */
		34C3E5392EAACCBF00C6C3BD /* PBXTargetDependency */ = {
			isa = PBXTargetDependency;
			target = 34C3E5232EAACCBE00C6C3BD /* Live Activity TimerExtension */;
			targetProxy = 34C3E5382EAACCBF00C6C3BD /* PBXContainerItemProxy */;
		};
/* End PBXTargetDependency section */

/* Begin XCBuildConfiguration section */
		34C3E53D2EAACCBF00C6C3BD /* Debug */ = {
			isa = XCBuildConfiguration;
			buildSettings = {
				ASSETCATALOG_COMPILER_GLOBAL_ACCENT_COLOR_NAME = AccentColor;
				ASSETCATALOG_COMPILER_WIDGET_BACKGROUND_COLOR_NAME = WidgetBackground;
				CODE_SIGN_STYLE = Automatic;
				CURRENT_PROJECT_VERSION = 1;
				DEVELOPMENT_TEAM = 7K982AZZT3;
				GENERATE_INFOPLIST_FILE = YES;
				INFOPLIST_FILE = "Live Activity Timer/Info.plist";
				INFOPLIST_KEY_CFBundleDisplayName = "Live Activity Timer";
				INFOPLIST_KEY_NSHumanReadableCopyright = "";
				IPHONEOS_DEPLOYMENT_TARGET = 26.0;
				LD_RUNPATH_SEARCH_PATHS = (
					"$(inherited)",
					"@executable_path/Frameworks",
					"@executable_path/../../Frameworks",
				);
				MARKETING_VERSION = 0.22;
				PRODUCT_BUNDLE_IDENTIFIER = "Senior-Design.iOS-Gym-App.Live-Activity-Timer";
				PRODUCT_NAME = "$(TARGET_NAME)";
				SDKROOT = iphoneos;
				SKIP_INSTALL = YES;
				STRING_CATALOG_GENERATE_SYMBOLS = YES;
				SUPPORTED_PLATFORMS = "iphoneos iphonesimulator";
				SUPPORTS_MACCATALYST = NO;
				SUPPORTS_MAC_DESIGNED_FOR_IPHONE_IPAD = NO;
				SUPPORTS_XR_DESIGNED_FOR_IPHONE_IPAD = NO;
				SWIFT_APPROACHABLE_CONCURRENCY = YES;
				SWIFT_EMIT_LOC_STRINGS = YES;
				SWIFT_UPCOMING_FEATURE_MEMBER_IMPORT_VISIBILITY = YES;
				SWIFT_VERSION = 5.0;
				TARGETED_DEVICE_FAMILY = 1;
			};
			name = Debug;
		};
		34C3E53E2EAACCBF00C6C3BD /* Release */ = {
			isa = XCBuildConfiguration;
			buildSettings = {
				ASSETCATALOG_COMPILER_GLOBAL_ACCENT_COLOR_NAME = AccentColor;
				ASSETCATALOG_COMPILER_WIDGET_BACKGROUND_COLOR_NAME = WidgetBackground;
				CODE_SIGN_STYLE = Automatic;
				CURRENT_PROJECT_VERSION = 1;
				DEVELOPMENT_TEAM = 7K982AZZT3;
				GENERATE_INFOPLIST_FILE = YES;
				INFOPLIST_FILE = "Live Activity Timer/Info.plist";
				INFOPLIST_KEY_CFBundleDisplayName = "Live Activity Timer";
				INFOPLIST_KEY_NSHumanReadableCopyright = "";
				IPHONEOS_DEPLOYMENT_TARGET = 26.0;
				LD_RUNPATH_SEARCH_PATHS = (
					"$(inherited)",
					"@executable_path/Frameworks",
					"@executable_path/../../Frameworks",
				);
				MARKETING_VERSION = 0.22;
				PRODUCT_BUNDLE_IDENTIFIER = "Senior-Design.iOS-Gym-App.Live-Activity-Timer";
				PRODUCT_NAME = "$(TARGET_NAME)";
				SDKROOT = iphoneos;
				SKIP_INSTALL = YES;
				STRING_CATALOG_GENERATE_SYMBOLS = YES;
				SUPPORTED_PLATFORMS = "iphoneos iphonesimulator";
				SUPPORTS_MACCATALYST = NO;
				SUPPORTS_MAC_DESIGNED_FOR_IPHONE_IPAD = NO;
				SUPPORTS_XR_DESIGNED_FOR_IPHONE_IPAD = NO;
				SWIFT_APPROACHABLE_CONCURRENCY = YES;
				SWIFT_EMIT_LOC_STRINGS = YES;
				SWIFT_UPCOMING_FEATURE_MEMBER_IMPORT_VISIBILITY = YES;
				SWIFT_VERSION = 5.0;
				TARGETED_DEVICE_FAMILY = 1;
				VALIDATE_PRODUCT = YES;
			};
			name = Release;
		};
		34C3E54D2EAACD2900C6C3BD /* Debug */ = {
			isa = XCBuildConfiguration;
			buildSettings = {
				ASSETCATALOG_COMPILER_APPICON_NAME = AppIcon;
				ASSETCATALOG_COMPILER_GLOBAL_ACCENT_COLOR_NAME = AccentColor;
				CODE_SIGN_STYLE = Automatic;
				CURRENT_PROJECT_VERSION = 1;
				DEVELOPMENT_TEAM = 7K982AZZT3;
				ENABLE_PREVIEWS = YES;
				GENERATE_INFOPLIST_FILE = YES;
				INFOPLIST_KEY_CFBundleDisplayName = "Watch App";
				INFOPLIST_KEY_UISupportedInterfaceOrientations = "UIInterfaceOrientationPortrait UIInterfaceOrientationPortraitUpsideDown";
				INFOPLIST_KEY_WKCompanionAppBundleIdentifier = "";
				LD_RUNPATH_SEARCH_PATHS = (
					"$(inherited)",
					"@executable_path/Frameworks",
				);
				MARKETING_VERSION = 0.22;
				PRODUCT_BUNDLE_IDENTIFIER = .watchkitapp;
				PRODUCT_NAME = "$(TARGET_NAME)";
				SDKROOT = watchos;
				SKIP_INSTALL = YES;
				STRING_CATALOG_GENERATE_SYMBOLS = YES;
				SWIFT_APPROACHABLE_CONCURRENCY = YES;
				SWIFT_DEFAULT_ACTOR_ISOLATION = MainActor;
				SWIFT_EMIT_LOC_STRINGS = YES;
				SWIFT_UPCOMING_FEATURE_MEMBER_IMPORT_VISIBILITY = YES;
				SWIFT_VERSION = 5.0;
				TARGETED_DEVICE_FAMILY = 4;
				WATCHOS_DEPLOYMENT_TARGET = 26.0;
			};
			name = Debug;
		};
		34C3E54E2EAACD2900C6C3BD /* Release */ = {
			isa = XCBuildConfiguration;
			buildSettings = {
				ASSETCATALOG_COMPILER_APPICON_NAME = AppIcon;
				ASSETCATALOG_COMPILER_GLOBAL_ACCENT_COLOR_NAME = AccentColor;
				CODE_SIGN_STYLE = Automatic;
				CURRENT_PROJECT_VERSION = 1;
				DEVELOPMENT_TEAM = 7K982AZZT3;
				ENABLE_PREVIEWS = YES;
				GENERATE_INFOPLIST_FILE = YES;
				INFOPLIST_KEY_CFBundleDisplayName = "Watch App";
				INFOPLIST_KEY_UISupportedInterfaceOrientations = "UIInterfaceOrientationPortrait UIInterfaceOrientationPortraitUpsideDown";
				INFOPLIST_KEY_WKCompanionAppBundleIdentifier = "";
				LD_RUNPATH_SEARCH_PATHS = (
					"$(inherited)",
					"@executable_path/Frameworks",
				);
				MARKETING_VERSION = 0.22;
				PRODUCT_BUNDLE_IDENTIFIER = .watchkitapp;
				PRODUCT_NAME = "$(TARGET_NAME)";
				SDKROOT = watchos;
				SKIP_INSTALL = YES;
				STRING_CATALOG_GENERATE_SYMBOLS = YES;
				SWIFT_APPROACHABLE_CONCURRENCY = YES;
				SWIFT_DEFAULT_ACTOR_ISOLATION = MainActor;
				SWIFT_EMIT_LOC_STRINGS = YES;
				SWIFT_UPCOMING_FEATURE_MEMBER_IMPORT_VISIBILITY = YES;
				SWIFT_VERSION = 5.0;
				TARGETED_DEVICE_FAMILY = 4;
				VALIDATE_PRODUCT = YES;
				WATCHOS_DEPLOYMENT_TARGET = 26.0;
			};
			name = Release;
		};
		E4F362B32E8C32B3000A0DEE /* Debug */ = {
			isa = XCBuildConfiguration;
			buildSettings = {
				ALWAYS_SEARCH_USER_PATHS = NO;
				ASSETCATALOG_COMPILER_GENERATE_SWIFT_ASSET_SYMBOL_EXTENSIONS = YES;
				CLANG_ANALYZER_NONNULL = YES;
				CLANG_ANALYZER_NUMBER_OBJECT_CONVERSION = YES_AGGRESSIVE;
				CLANG_CXX_LANGUAGE_STANDARD = "gnu++20";
				CLANG_ENABLE_MODULES = YES;
				CLANG_ENABLE_OBJC_ARC = YES;
				CLANG_ENABLE_OBJC_WEAK = YES;
				CLANG_WARN_BLOCK_CAPTURE_AUTORELEASING = YES;
				CLANG_WARN_BOOL_CONVERSION = YES;
				CLANG_WARN_COMMA = YES;
				CLANG_WARN_CONSTANT_CONVERSION = YES;
				CLANG_WARN_DEPRECATED_OBJC_IMPLEMENTATIONS = YES;
				CLANG_WARN_DIRECT_OBJC_ISA_USAGE = YES_ERROR;
				CLANG_WARN_DOCUMENTATION_COMMENTS = YES;
				CLANG_WARN_EMPTY_BODY = YES;
				CLANG_WARN_ENUM_CONVERSION = YES;
				CLANG_WARN_INFINITE_RECURSION = YES;
				CLANG_WARN_INT_CONVERSION = YES;
				CLANG_WARN_NON_LITERAL_NULL_CONVERSION = YES;
				CLANG_WARN_OBJC_IMPLICIT_RETAIN_SELF = YES;
				CLANG_WARN_OBJC_LITERAL_CONVERSION = YES;
				CLANG_WARN_OBJC_ROOT_CLASS = YES_ERROR;
				CLANG_WARN_QUOTED_INCLUDE_IN_FRAMEWORK_HEADER = YES;
				CLANG_WARN_RANGE_LOOP_ANALYSIS = YES;
				CLANG_WARN_STRICT_PROTOTYPES = YES;
				CLANG_WARN_SUSPICIOUS_MOVE = YES;
				CLANG_WARN_UNGUARDED_AVAILABILITY = YES_AGGRESSIVE;
				CLANG_WARN_UNREACHABLE_CODE = YES;
				CLANG_WARN__DUPLICATE_METHOD_MATCH = YES;
				COPY_PHASE_STRIP = NO;
				DEBUG_INFORMATION_FORMAT = dwarf;
				ENABLE_STRICT_OBJC_MSGSEND = YES;
				ENABLE_TESTABILITY = YES;
				ENABLE_USER_SCRIPT_SANDBOXING = YES;
				GCC_C_LANGUAGE_STANDARD = gnu17;
				GCC_DYNAMIC_NO_PIC = NO;
				GCC_NO_COMMON_BLOCKS = YES;
				GCC_OPTIMIZATION_LEVEL = 0;
				GCC_PREPROCESSOR_DEFINITIONS = (
					"DEBUG=1",
					"$(inherited)",
				);
				GCC_WARN_64_TO_32_BIT_CONVERSION = YES;
				GCC_WARN_ABOUT_RETURN_TYPE = YES_ERROR;
				GCC_WARN_UNDECLARED_SELECTOR = YES;
				GCC_WARN_UNINITIALIZED_AUTOS = YES_AGGRESSIVE;
				GCC_WARN_UNUSED_FUNCTION = YES;
				GCC_WARN_UNUSED_VARIABLE = YES;
				LOCALIZATION_PREFERS_STRING_CATALOGS = YES;
				MTL_ENABLE_DEBUG_INFO = INCLUDE_SOURCE;
				MTL_FAST_MATH = YES;
				ONLY_ACTIVE_ARCH = YES;
				SWIFT_ACTIVE_COMPILATION_CONDITIONS = "DEBUG $(inherited)";
				SWIFT_OPTIMIZATION_LEVEL = "-Onone";
			};
			name = Debug;
		};
		E4F362B42E8C32B3000A0DEE /* Release */ = {
			isa = XCBuildConfiguration;
			buildSettings = {
				ALWAYS_SEARCH_USER_PATHS = NO;
				ASSETCATALOG_COMPILER_GENERATE_SWIFT_ASSET_SYMBOL_EXTENSIONS = YES;
				CLANG_ANALYZER_NONNULL = YES;
				CLANG_ANALYZER_NUMBER_OBJECT_CONVERSION = YES_AGGRESSIVE;
				CLANG_CXX_LANGUAGE_STANDARD = "gnu++20";
				CLANG_ENABLE_MODULES = YES;
				CLANG_ENABLE_OBJC_ARC = YES;
				CLANG_ENABLE_OBJC_WEAK = YES;
				CLANG_WARN_BLOCK_CAPTURE_AUTORELEASING = YES;
				CLANG_WARN_BOOL_CONVERSION = YES;
				CLANG_WARN_COMMA = YES;
				CLANG_WARN_CONSTANT_CONVERSION = YES;
				CLANG_WARN_DEPRECATED_OBJC_IMPLEMENTATIONS = YES;
				CLANG_WARN_DIRECT_OBJC_ISA_USAGE = YES_ERROR;
				CLANG_WARN_DOCUMENTATION_COMMENTS = YES;
				CLANG_WARN_EMPTY_BODY = YES;
				CLANG_WARN_ENUM_CONVERSION = YES;
				CLANG_WARN_INFINITE_RECURSION = YES;
				CLANG_WARN_INT_CONVERSION = YES;
				CLANG_WARN_NON_LITERAL_NULL_CONVERSION = YES;
				CLANG_WARN_OBJC_IMPLICIT_RETAIN_SELF = YES;
				CLANG_WARN_OBJC_LITERAL_CONVERSION = YES;
				CLANG_WARN_OBJC_ROOT_CLASS = YES_ERROR;
				CLANG_WARN_QUOTED_INCLUDE_IN_FRAMEWORK_HEADER = YES;
				CLANG_WARN_RANGE_LOOP_ANALYSIS = YES;
				CLANG_WARN_STRICT_PROTOTYPES = YES;
				CLANG_WARN_SUSPICIOUS_MOVE = YES;
				CLANG_WARN_UNGUARDED_AVAILABILITY = YES_AGGRESSIVE;
				CLANG_WARN_UNREACHABLE_CODE = YES;
				CLANG_WARN__DUPLICATE_METHOD_MATCH = YES;
				COPY_PHASE_STRIP = NO;
				DEBUG_INFORMATION_FORMAT = "dwarf-with-dsym";
				ENABLE_NS_ASSERTIONS = NO;
				ENABLE_STRICT_OBJC_MSGSEND = YES;
				ENABLE_USER_SCRIPT_SANDBOXING = YES;
				GCC_C_LANGUAGE_STANDARD = gnu17;
				GCC_NO_COMMON_BLOCKS = YES;
				GCC_WARN_64_TO_32_BIT_CONVERSION = YES;
				GCC_WARN_ABOUT_RETURN_TYPE = YES_ERROR;
				GCC_WARN_UNDECLARED_SELECTOR = YES;
				GCC_WARN_UNINITIALIZED_AUTOS = YES_AGGRESSIVE;
				GCC_WARN_UNUSED_FUNCTION = YES;
				GCC_WARN_UNUSED_VARIABLE = YES;
				LOCALIZATION_PREFERS_STRING_CATALOGS = YES;
				MTL_ENABLE_DEBUG_INFO = NO;
				MTL_FAST_MATH = YES;
				SWIFT_COMPILATION_MODE = wholemodule;
			};
			name = Release;
		};
		E4F362B62E8C32B3000A0DEE /* Debug */ = {
			isa = XCBuildConfiguration;
			buildSettings = {
				ASSETCATALOG_COMPILER_APPICON_NAME = AppIcon;
				ASSETCATALOG_COMPILER_GLOBAL_ACCENT_COLOR_NAME = AccentColor;
				CODE_SIGN_ENTITLEMENTS = "iOS Gym App/iOS Gym App.entitlements";
				CODE_SIGN_STYLE = Automatic;
				CURRENT_PROJECT_VERSION = 1;
				DEVELOPMENT_TEAM = 7K982AZZT3;
				ENABLE_APP_SANDBOX = YES;
				ENABLE_PREVIEWS = YES;
				ENABLE_USER_SELECTED_FILES = readonly;
				GENERATE_INFOPLIST_FILE = YES;
				INFOPLIST_FILE = "iOS-Gym-App-Info.plist";
				INFOPLIST_KEY_CFBundleDisplayName = "Rep the Set";
				INFOPLIST_KEY_LSApplicationCategoryType = "public.app-category.healthcare-fitness";
				INFOPLIST_KEY_NSHealthShareUsageDescription = "Health data";
				INFOPLIST_KEY_NSHealthUpdateUsageDescription = "health data";
				INFOPLIST_KEY_NSLocationWhenInUseUsageDescription = "Used to get current user location";
				INFOPLIST_KEY_NSSupportsLiveActivities = YES;
				"INFOPLIST_KEY_UIApplicationSceneManifest_Generation[sdk=iphoneos*]" = YES;
				"INFOPLIST_KEY_UIApplicationSceneManifest_Generation[sdk=iphonesimulator*]" = YES;
				"INFOPLIST_KEY_UIApplicationSupportsIndirectInputEvents[sdk=iphoneos*]" = YES;
				"INFOPLIST_KEY_UIApplicationSupportsIndirectInputEvents[sdk=iphonesimulator*]" = YES;
				"INFOPLIST_KEY_UILaunchScreen_Generation[sdk=iphoneos*]" = YES;
				"INFOPLIST_KEY_UILaunchScreen_Generation[sdk=iphonesimulator*]" = YES;
				"INFOPLIST_KEY_UIStatusBarStyle[sdk=iphoneos*]" = UIStatusBarStyleDefault;
				"INFOPLIST_KEY_UIStatusBarStyle[sdk=iphonesimulator*]" = UIStatusBarStyleDefault;
				INFOPLIST_KEY_UISupportedInterfaceOrientations = UIInterfaceOrientationPortrait;
				INFOPLIST_KEY_UISupportedInterfaceOrientations_iPad = "UIInterfaceOrientationLandscapeLeft UIInterfaceOrientationLandscapeRight UIInterfaceOrientationPortrait UIInterfaceOrientationPortraitUpsideDown";
				IPHONEOS_DEPLOYMENT_TARGET = 26.0;
				LD_RUNPATH_SEARCH_PATHS = "@executable_path/Frameworks";
				"LD_RUNPATH_SEARCH_PATHS[sdk=macosx*]" = "@executable_path/../Frameworks";
				MACOSX_DEPLOYMENT_TARGET = 26.0;
				MARKETING_VERSION = "0.22\\3";
				PRODUCT_BUNDLE_IDENTIFIER = "Senior-Design.iOS-Gym-App";
				PRODUCT_NAME = "$(TARGET_NAME)";
				REGISTER_APP_GROUPS = YES;
				SDKROOT = auto;
				STRING_CATALOG_GENERATE_SYMBOLS = YES;
				SUPPORTED_PLATFORMS = "iphoneos iphonesimulator";
				SUPPORTS_MACCATALYST = NO;
				SWIFT_APPROACHABLE_CONCURRENCY = YES;
				SWIFT_DEFAULT_ACTOR_ISOLATION = MainActor;
				SWIFT_EMIT_LOC_STRINGS = YES;
				SWIFT_UPCOMING_FEATURE_MEMBER_IMPORT_VISIBILITY = YES;
				SWIFT_VERSION = 5.0;
				TARGETED_DEVICE_FAMILY = 1;
				XROS_DEPLOYMENT_TARGET = 26.0;
			};
			name = Debug;
		};
		E4F362B72E8C32B3000A0DEE /* Release */ = {
			isa = XCBuildConfiguration;
			buildSettings = {
				ASSETCATALOG_COMPILER_APPICON_NAME = AppIcon;
				ASSETCATALOG_COMPILER_GLOBAL_ACCENT_COLOR_NAME = AccentColor;
				CODE_SIGN_ENTITLEMENTS = "iOS Gym App/iOS Gym App.entitlements";
				CODE_SIGN_STYLE = Automatic;
				CURRENT_PROJECT_VERSION = 1;
				DEVELOPMENT_TEAM = 7K982AZZT3;
				ENABLE_APP_SANDBOX = YES;
				ENABLE_PREVIEWS = YES;
				ENABLE_USER_SELECTED_FILES = readonly;
				GENERATE_INFOPLIST_FILE = YES;
				INFOPLIST_FILE = "iOS-Gym-App-Info.plist";
				INFOPLIST_KEY_CFBundleDisplayName = "Rep the Set";
				INFOPLIST_KEY_LSApplicationCategoryType = "public.app-category.healthcare-fitness";
				INFOPLIST_KEY_NSHealthShareUsageDescription = "Health data";
				INFOPLIST_KEY_NSHealthUpdateUsageDescription = "health data";
				INFOPLIST_KEY_NSLocationWhenInUseUsageDescription = "Used to get current user location";
				INFOPLIST_KEY_NSSupportsLiveActivities = YES;
				"INFOPLIST_KEY_UIApplicationSceneManifest_Generation[sdk=iphoneos*]" = YES;
				"INFOPLIST_KEY_UIApplicationSceneManifest_Generation[sdk=iphonesimulator*]" = YES;
				"INFOPLIST_KEY_UIApplicationSupportsIndirectInputEvents[sdk=iphoneos*]" = YES;
				"INFOPLIST_KEY_UIApplicationSupportsIndirectInputEvents[sdk=iphonesimulator*]" = YES;
				"INFOPLIST_KEY_UILaunchScreen_Generation[sdk=iphoneos*]" = YES;
				"INFOPLIST_KEY_UILaunchScreen_Generation[sdk=iphonesimulator*]" = YES;
				"INFOPLIST_KEY_UIStatusBarStyle[sdk=iphoneos*]" = UIStatusBarStyleDefault;
				"INFOPLIST_KEY_UIStatusBarStyle[sdk=iphonesimulator*]" = UIStatusBarStyleDefault;
				INFOPLIST_KEY_UISupportedInterfaceOrientations = UIInterfaceOrientationPortrait;
				INFOPLIST_KEY_UISupportedInterfaceOrientations_iPad = "UIInterfaceOrientationLandscapeLeft UIInterfaceOrientationLandscapeRight UIInterfaceOrientationPortrait UIInterfaceOrientationPortraitUpsideDown";
				IPHONEOS_DEPLOYMENT_TARGET = 26.0;
				LD_RUNPATH_SEARCH_PATHS = "@executable_path/Frameworks";
				"LD_RUNPATH_SEARCH_PATHS[sdk=macosx*]" = "@executable_path/../Frameworks";
				MACOSX_DEPLOYMENT_TARGET = 26.0;
				MARKETING_VERSION = "0.22\\3";
				PRODUCT_BUNDLE_IDENTIFIER = "Senior-Design.iOS-Gym-App";
				PRODUCT_NAME = "$(TARGET_NAME)";
				REGISTER_APP_GROUPS = YES;
				SDKROOT = auto;
				STRING_CATALOG_GENERATE_SYMBOLS = YES;
				SUPPORTED_PLATFORMS = "iphoneos iphonesimulator";
				SUPPORTS_MACCATALYST = NO;
				SWIFT_APPROACHABLE_CONCURRENCY = YES;
				SWIFT_DEFAULT_ACTOR_ISOLATION = MainActor;
				SWIFT_EMIT_LOC_STRINGS = YES;
				SWIFT_UPCOMING_FEATURE_MEMBER_IMPORT_VISIBILITY = YES;
				SWIFT_VERSION = 5.0;
				TARGETED_DEVICE_FAMILY = 1;
				XROS_DEPLOYMENT_TARGET = 26.0;
			};
			name = Release;
		};
/* End XCBuildConfiguration section */

/* Begin XCConfigurationList section */
		34C3E53C2EAACCBF00C6C3BD /* Build configuration list for PBXNativeTarget "Live Activity TimerExtension" */ = {
			isa = XCConfigurationList;
			buildConfigurations = (
				34C3E53D2EAACCBF00C6C3BD /* Debug */,
				34C3E53E2EAACCBF00C6C3BD /* Release */,
			);
			defaultConfigurationIsVisible = 0;
			defaultConfigurationName = Release;
		};
		34C3E54C2EAACD2900C6C3BD /* Build configuration list for PBXNativeTarget "Watch App Watch App" */ = {
			isa = XCConfigurationList;
			buildConfigurations = (
				34C3E54D2EAACD2900C6C3BD /* Debug */,
				34C3E54E2EAACD2900C6C3BD /* Release */,
			);
			defaultConfigurationIsVisible = 0;
			defaultConfigurationName = Release;
		};
		E4F362A52E8C32B2000A0DEE /* Build configuration list for PBXProject "	" */ = {
			isa = XCConfigurationList;
			buildConfigurations = (
				E4F362B32E8C32B3000A0DEE /* Debug */,
				E4F362B42E8C32B3000A0DEE /* Release */,
			);
			defaultConfigurationIsVisible = 0;
			defaultConfigurationName = Release;
		};
		E4F362B52E8C32B3000A0DEE /* Build configuration list for PBXNativeTarget "iOS Gym App" */ = {
			isa = XCConfigurationList;
			buildConfigurations = (
				E4F362B62E8C32B3000A0DEE /* Debug */,
				E4F362B72E8C32B3000A0DEE /* Release */,
			);
			defaultConfigurationIsVisible = 0;
			defaultConfigurationName = Release;
		};
/* End XCConfigurationList section */

/* Begin XCRemoteSwiftPackageReference section */
		E4207BB52E8C34C700061829 /* XCRemoteSwiftPackageReference "TOCropViewController" */ = {
			isa = XCRemoteSwiftPackageReference;
			repositoryURL = "https://github.com/TimOliver/TOCropViewController.git";
			requirement = {
				kind = upToNextMajorVersion;
				minimumVersion = 3.0.0;
			};
		};
		E4207BBA2E8C372B00061829 /* XCRemoteSwiftPackageReference "aws-sdk-swift" */ = {
			isa = XCRemoteSwiftPackageReference;
			repositoryURL = "https://github.com/awslabs/aws-sdk-swift.git";
			requirement = {
				kind = upToNextMajorVersion;
				minimumVersion = 1.5.52;
			};
		};
/* End XCRemoteSwiftPackageReference section */

/* Begin XCSwiftPackageProductDependency section */
		E4207BB62E8C34C700061829 /* CropViewController */ = {
			isa = XCSwiftPackageProductDependency;
			package = E4207BB52E8C34C700061829 /* XCRemoteSwiftPackageReference "TOCropViewController" */;
			productName = CropViewController;
		};
/* End XCSwiftPackageProductDependency section */
	};
	rootObject = E4F362A22E8C32B2000A0DEE /* Project object */;
}
